
Microsoft Visual Studio Solution File, Format Version 12.00
# Visual Studio Version 17
VisualStudioVersion = 17.2.32630.192
MinimumVisualStudioVersion = 10.0.40219.1
Project("{9A19103F-16F7-4668-BE54-9A1E7A4F7556}") = "AwsDedupSync", "AwsDedupSync\AwsDedupSync.csproj", "{BF670389-A661-427A-ACA0-9B83E2C976E0}"
EndProject
Project("{8BC9CEB8-8B4A-11D0-8D11-00A0C91BC942}") = "Keccak", "Keccak\Keccak.vcxproj", "{2DC0AD6E-CD87-4679-A1BE-F29FD931681B}"
EndProject
Project("{9A19103F-16F7-4668-BE54-9A1E7A4F7556}") = "AwsSyncer", "AwsSyncer\AwsSyncer.csproj", "{9FD4E0E5-884F-4326-8DD2-D8BCFEB392EA}"
EndProject
Project("{2150E333-8FDC-42A3-9474-1A3956D46DE8}") = "Globals", "Globals", "{336712AF-B24D-4E1E-BF30-1D5C1291CA8C}"
	ProjectSection(SolutionItems) = preProject
		Notes.txt = Notes.txt
	EndProjectSection
EndProject
Global
	GlobalSection(SolutionConfigurationPlatforms) = preSolution
		Debug|Any CPU = Debug|Any CPU
		Debug|Win32 = Debug|Win32
		Debug|x64 = Debug|x64
		Release|Any CPU = Release|Any CPU
		Release|Win32 = Release|Win32
		Release|x64 = Release|x64
	EndGlobalSection
	GlobalSection(ProjectConfigurationPlatforms) = postSolution
		{BF670389-A661-427A-ACA0-9B83E2C976E0}.Debug|Any CPU.ActiveCfg = Debug|x64
		{BF670389-A661-427A-ACA0-9B83E2C976E0}.Debug|Any CPU.Build.0 = Debug|x64
		{BF670389-A661-427A-ACA0-9B83E2C976E0}.Debug|Win32.ActiveCfg = Debug|x86
		{BF670389-A661-427A-ACA0-9B83E2C976E0}.Debug|Win32.Build.0 = Debug|x86
		{BF670389-A661-427A-ACA0-9B83E2C976E0}.Debug|x64.ActiveCfg = Debug|x64
		{BF670389-A661-427A-ACA0-9B83E2C976E0}.Debug|x64.Build.0 = Debug|x64
		{BF670389-A661-427A-ACA0-9B83E2C976E0}.Release|Any CPU.ActiveCfg = Release|x64
		{BF670389-A661-427A-ACA0-9B83E2C976E0}.Release|Any CPU.Build.0 = Release|x64
		{BF670389-A661-427A-ACA0-9B83E2C976E0}.Release|Win32.ActiveCfg = Release|x86
		{BF670389-A661-427A-ACA0-9B83E2C976E0}.Release|Win32.Build.0 = Release|x86
		{BF670389-A661-427A-ACA0-9B83E2C976E0}.Release|x64.ActiveCfg = Release|x64
		{BF670389-A661-427A-ACA0-9B83E2C976E0}.Release|x64.Build.0 = Release|x64
		{2DC0AD6E-CD87-4679-A1BE-F29FD931681B}.Debug|Any CPU.ActiveCfg = Debug|x64
		{2DC0AD6E-CD87-4679-A1BE-F29FD931681B}.Debug|Any CPU.Build.0 = Debug|x64
		{2DC0AD6E-CD87-4679-A1BE-F29FD931681B}.Debug|Win32.ActiveCfg = Debug|Win32
		{2DC0AD6E-CD87-4679-A1BE-F29FD931681B}.Debug|Win32.Build.0 = Debug|Win32
		{2DC0AD6E-CD87-4679-A1BE-F29FD931681B}.Debug|x64.ActiveCfg = Debug|x64
		{2DC0AD6E-CD87-4679-A1BE-F29FD931681B}.Debug|x64.Build.0 = Debug|x64
		{2DC0AD6E-CD87-4679-A1BE-F29FD931681B}.Release|Any CPU.ActiveCfg = Release|x64
		{2DC0AD6E-CD87-4679-A1BE-F29FD931681B}.Release|Any CPU.Build.0 = Release|x64
		{2DC0AD6E-CD87-4679-A1BE-F29FD931681B}.Release|Win32.ActiveCfg = Release|Win32
		{2DC0AD6E-CD87-4679-A1BE-F29FD931681B}.Release|Win32.Build.0 = Release|Win32
		{2DC0AD6E-CD87-4679-A1BE-F29FD931681B}.Release|x64.ActiveCfg = Release|x64
		{2DC0AD6E-CD87-4679-A1BE-F29FD931681B}.Release|x64.Build.0 = Release|x64
		{9FD4E0E5-884F-4326-8DD2-D8BCFEB392EA}.Debug|Any CPU.ActiveCfg = Debug|x64
		{9FD4E0E5-884F-4326-8DD2-D8BCFEB392EA}.Debug|Any CPU.Build.0 = Debug|x64
		{9FD4E0E5-884F-4326-8DD2-D8BCFEB392EA}.Debug|Win32.ActiveCfg = Debug|x86
		{9FD4E0E5-884F-4326-8DD2-D8BCFEB392EA}.Debug|Win32.Build.0 = Debug|x86
		{9FD4E0E5-884F-4326-8DD2-D8BCFEB392EA}.Debug|x64.ActiveCfg = Debug|x64
		{9FD4E0E5-884F-4326-8DD2-D8BCFEB392EA}.Debug|x64.Build.0 = Debug|x64
		{9FD4E0E5-884F-4326-8DD2-D8BCFEB392EA}.Release|Any CPU.ActiveCfg = Release|x64
		{9FD4E0E5-884F-4326-8DD2-D8BCFEB392EA}.Release|Any CPU.Build.0 = Release|x64
		{9FD4E0E5-884F-4326-8DD2-D8BCFEB392EA}.Release|Win32.ActiveCfg = Release|x86
		{9FD4E0E5-884F-4326-8DD2-D8BCFEB392EA}.Release|Win32.Build.0 = Release|x86
		{9FD4E0E5-884F-4326-8DD2-D8BCFEB392EA}.Release|x64.ActiveCfg = Release|x64
		{9FD4E0E5-884F-4326-8DD2-D8BCFEB392EA}.Release|x64.Build.0 = Release|x64
	EndGlobalSection
	GlobalSection(SolutionProperties) = preSolution
		HideSolutionNode = FALSE
	EndGlobalSection
	GlobalSection(ExtensibilityGlobals) = postSolution
		SolutionGuid = {A120F5ED-A588-43CA-B5E2-BE31C2DD97C5}
	EndGlobalSection
EndGlobal
